
Microsoft Visual Studio Solution File, Format Version 12.00
# Visual Studio Version 17
VisualStudioVersion = 17.4.33110.190
MinimumVisualStudioVersion = 10.0.40219.1
Project("{FAE04EC0-301F-11D3-BF4B-00C04F79EFBC}") = "FinalProject_SE", "FinalProject_SE\FinalProject_SE.csproj", "{EE77C837-AD4E-4D0F-9D14-35FED4085AB3}"
EndProject
Global
	GlobalSection(SolutionConfigurationPlatforms) = preSolution
		Debug|Any CPU = Debug|Any CPU
		Release|Any CPU = Release|Any CPU
	EndGlobalSection
	GlobalSection(ProjectConfigurationPlatforms) = postSolution
		{EE77C837-AD4E-4D0F-9D14-35FED4085AB3}.Debug|Any CPU.ActiveCfg = Debug|Any CPU
		{EE77C837-AD4E-4D0F-9D14-35FED4085AB3}.Debug|Any CPU.Build.0 = Debug|Any CPU
		{EE77C837-AD4E-4D0F-9D14-35FED4085AB3}.Release|Any CPU.ActiveCfg = Release|Any CPU
		{EE77C837-AD4E-4D0F-9D14-35FED4085AB3}.Release|Any CPU.Build.0 = Release|Any CPU
	EndGlobalSection
	GlobalSection(SolutionProperties) = preSolution
		HideSolutionNode = FALSE
	EndGlobalSection
	GlobalSection(ExtensibilityGlobals) = postSolution
		SolutionGuid = {822BA363-15D4-4427-B64A-4F141B770063}
	EndGlobalSection
EndGlobal
